
Microsoft Visual Studio Solution File, Format Version 12.00
# Visual Studio Version 17
VisualStudioVersion = 17.0.31903.59
MinimumVisualStudioVersion = 10.0.40219.1
Project("{9A19103F-16F7-4668-BE54-9A1E7A4F7556}") = "Yritused", "Yritused\Yritused.csproj", "{FC378325-B81E-40A0-BA53-FA121C40EA06}"
EndProject
Project("{9A19103F-16F7-4668-BE54-9A1E7A4F7556}") = "Yritused.Tests", "Yritused.Tests\Yritused.Tests.csproj", "{CF338A92-ECA8-4239-BA35-6AC507ED0931}"
EndProject
Global
	GlobalSection(SolutionConfigurationPlatforms) = preSolution
		Debug|Any CPU = Debug|Any CPU
		Release|Any CPU = Release|Any CPU
	EndGlobalSection
	GlobalSection(ProjectConfigurationPlatforms) = postSolution
		{FC378325-B81E-40A0-BA53-FA121C40EA06}.Debug|Any CPU.ActiveCfg = Debug|Any CPU
		{FC378325-B81E-40A0-BA53-FA121C40EA06}.Debug|Any CPU.Build.0 = Debug|Any CPU
		{FC378325-B81E-40A0-BA53-FA121C40EA06}.Release|Any CPU.ActiveCfg = Release|Any CPU
		{FC378325-B81E-40A0-BA53-FA121C40EA06}.Release|Any CPU.Build.0 = Release|Any CPU
		{CF338A92-ECA8-4239-BA35-6AC507ED0931}.Debug|Any CPU.ActiveCfg = Debug|Any CPU
		{CF338A92-ECA8-4239-BA35-6AC507ED0931}.Debug|Any CPU.Build.0 = Debug|Any CPU
		{CF338A92-ECA8-4239-BA35-6AC507ED0931}.Release|Any CPU.ActiveCfg = Release|Any CPU
		{CF338A92-ECA8-4239-BA35-6AC507ED0931}.Release|Any CPU.Build.0 = Release|Any CPU
	EndGlobalSection
	GlobalSection(SolutionProperties) = preSolution
		HideSolutionNode = FALSE
	EndGlobalSection
	GlobalSection(ExtensibilityGlobals) = postSolution
		SolutionGuid = {4AA7016D-9D54-48CD-9D3B-7D80DBA95D8F}
	EndGlobalSection
EndGlobal
